
Microsoft Visual Studio Solution File, Format Version 12.00
# Visual Studio Version 17
VisualStudioVersion = 17.14.36811.4
MinimumVisualStudioVersion = 10.0.40219.1
Project("{FAE04EC0-301F-11D3-BF4B-00C04F79EFBC}") = "Ex01_TelechargementDImages", "Ex01\Ex01_TelechargementDImages.csproj", "{C96F11CB-DD91-4BB6-8B8D-01B7DB0FBA53}"
EndProject
Project("{FAE04EC0-301F-11D3-BF4B-00C04F79EFBC}") = "Ex02_AppelAPI", "Ex02\Ex02_AppelAPI.csproj", "{7350709C-844B-41CD-8AB9-C4F447456562}"
EndProject
Project("{FAE04EC0-301F-11D3-BF4B-00C04F79EFBC}") = "Ex03_LectureEcritureFichiers", "Ex03\Ex03_LectureEcritureFichiers.csproj", "{03CF3FD4-B767-4F50-B297-C6875B794A00}"
EndProject
Project("{FAE04EC0-301F-11D3-BF4B-00C04F79EFBC}") = "Ex04_TachesParalleles", "Ex04\Ex04_TachesParalleles.csproj", "{5D703302-A465-49C7-936A-B2E821EA666F}"
EndProject
Project("{FAE04EC0-301F-11D3-BF4B-00C04F79EFBC}") = "Ex05_SimulationBDD", "Ex05\Ex05_SimulationBDD.csproj", "{2CC1BD7C-A0A7-4C32-BEBC-D6B6E63B5743}"
EndProject
Project("{FAE04EC0-301F-11D3-BF4B-00C04F79EFBC}") = "Ex06_GestionErreurs", "Ex06\Ex06_GestionErreurs.csproj", "{203C4C41-603C-458A-9C20-678592681042}"
EndProject
Project("{FAE04EC0-301F-11D3-BF4B-00C04F79EFBC}") = "Ex07_AnnulationTaches", "Ex07\Ex07_AnnulationTaches.csproj", "{EDC83DE2-4675-48B0-B21B-74AA12B377B7}"
EndProject
Project("{FAE04EC0-301F-11D3-BF4B-00C04F79EFBC}") = "Ex08_ProgressionIProgress", "Ex08\Ex08_ProgressionIProgress.csproj", "{5ECE9C90-C11E-479A-8A12-ED6B06CB5C69}"
EndProject
Project("{FAE04EC0-301F-11D3-BF4B-00C04F79EFBC}") = "Ex09_GestionnaireTelechargements", "Ex09\Ex09_GestionnaireTelechargements.csproj", "{9A4F8E19-7533-4A23-BFB0-F9EB6933E91A}"
EndProject
Project("{FAE04EC0-301F-11D3-BF4B-00C04F79EFBC}") = "Ex10_AgregateurDonneesMeteo", "Ex10\Ex10_AgregateurDonneesMeteo.csproj", "{4A548FCF-53D2-428A-902A-EE96A83F6047}"
EndProject
Global
	GlobalSection(SolutionConfigurationPlatforms) = preSolution
		Debug|Any CPU = Debug|Any CPU
		Release|Any CPU = Release|Any CPU
	EndGlobalSection
	GlobalSection(ProjectConfigurationPlatforms) = postSolution
		{C96F11CB-DD91-4BB6-8B8D-01B7DB0FBA53}.Debug|Any CPU.ActiveCfg = Debug|Any CPU
		{C96F11CB-DD91-4BB6-8B8D-01B7DB0FBA53}.Debug|Any CPU.Build.0 = Debug|Any CPU
		{C96F11CB-DD91-4BB6-8B8D-01B7DB0FBA53}.Release|Any CPU.ActiveCfg = Release|Any CPU
		{C96F11CB-DD91-4BB6-8B8D-01B7DB0FBA53}.Release|Any CPU.Build.0 = Release|Any CPU
		{7350709C-844B-41CD-8AB9-C4F447456562}.Debug|Any CPU.ActiveCfg = Debug|Any CPU
		{7350709C-844B-41CD-8AB9-C4F447456562}.Debug|Any CPU.Build.0 = Debug|Any CPU
		{7350709C-844B-41CD-8AB9-C4F447456562}.Release|Any CPU.ActiveCfg = Release|Any CPU
		{7350709C-844B-41CD-8AB9-C4F447456562}.Release|Any CPU.Build.0 = Release|Any CPU
		{03CF3FD4-B767-4F50-B297-C6875B794A00}.Debug|Any CPU.ActiveCfg = Debug|Any CPU
		{03CF3FD4-B767-4F50-B297-C6875B794A00}.Debug|Any CPU.Build.0 = Debug|Any CPU
		{03CF3FD4-B767-4F50-B297-C6875B794A00}.Release|Any CPU.ActiveCfg = Release|Any CPU
		{03CF3FD4-B767-4F50-B297-C6875B794A00}.Release|Any CPU.Build.0 = Release|Any CPU
		{5D703302-A465-49C7-936A-B2E821EA666F}.Debug|Any CPU.ActiveCfg = Debug|Any CPU
		{5D703302-A465-49C7-936A-B2E821EA666F}.Debug|Any CPU.Build.0 = Debug|Any CPU
		{5D703302-A465-49C7-936A-B2E821EA666F}.Release|Any CPU.ActiveCfg = Release|Any CPU
		{5D703302-A465-49C7-936A-B2E821EA666F}.Release|Any CPU.Build.0 = Release|Any CPU
		{2CC1BD7C-A0A7-4C32-BEBC-D6B6E63B5743}.Debug|Any CPU.ActiveCfg = Debug|Any CPU
		{2CC1BD7C-A0A7-4C32-BEBC-D6B6E63B5743}.Debug|Any CPU.Build.0 = Debug|Any CPU
		{2CC1BD7C-A0A7-4C32-BEBC-D6B6E63B5743}.Release|Any CPU.ActiveCfg = Release|Any CPU
		{2CC1BD7C-A0A7-4C32-BEBC-D6B6E63B5743}.Release|Any CPU.Build.0 = Release|Any CPU
		{203C4C41-603C-458A-9C20-678592681042}.Debug|Any CPU.ActiveCfg = Debug|Any CPU
		{203C4C41-603C-458A-9C20-678592681042}.Debug|Any CPU.Build.0 = Debug|Any CPU
		{203C4C41-603C-458A-9C20-678592681042}.Release|Any CPU.ActiveCfg = Release|Any CPU
		{203C4C41-603C-458A-9C20-678592681042}.Release|Any CPU.Build.0 = Release|Any CPU
		{EDC83DE2-4675-48B0-B21B-74AA12B377B7}.Debug|Any CPU.ActiveCfg = Debug|Any CPU
		{EDC83DE2-4675-48B0-B21B-74AA12B377B7}.Debug|Any CPU.Build.0 = Debug|Any CPU
		{EDC83DE2-4675-48B0-B21B-74AA12B377B7}.Release|Any CPU.ActiveCfg = Release|Any CPU
		{EDC83DE2-4675-48B0-B21B-74AA12B377B7}.Release|Any CPU.Build.0 = Release|Any CPU
		{5ECE9C90-C11E-479A-8A12-ED6B06CB5C69}.Debug|Any CPU.ActiveCfg = Debug|Any CPU
		{5ECE9C90-C11E-479A-8A12-ED6B06CB5C69}.Debug|Any CPU.Build.0 = Debug|Any CPU
		{5ECE9C90-C11E-479A-8A12-ED6B06CB5C69}.Release|Any CPU.ActiveCfg = Release|Any CPU
		{5ECE9C90-C11E-479A-8A12-ED6B06CB5C69}.Release|Any CPU.Build.0 = Release|Any CPU
		{9A4F8E19-7533-4A23-BFB0-F9EB6933E91A}.Debug|Any CPU.ActiveCfg = Debug|Any CPU
		{9A4F8E19-7533-4A23-BFB0-F9EB6933E91A}.Debug|Any CPU.Build.0 = Debug|Any CPU
		{9A4F8E19-7533-4A23-BFB0-F9EB6933E91A}.Release|Any CPU.ActiveCfg = Release|Any CPU
		{9A4F8E19-7533-4A23-BFB0-F9EB6933E91A}.Release|Any CPU.Build.0 = Release|Any CPU
		{4A548FCF-53D2-428A-902A-EE96A83F6047}.Debug|Any CPU.ActiveCfg = Debug|Any CPU
		{4A548FCF-53D2-428A-902A-EE96A83F6047}.Debug|Any CPU.Build.0 = Debug|Any CPU
		{4A548FCF-53D2-428A-902A-EE96A83F6047}.Release|Any CPU.ActiveCfg = Release|Any CPU
		{4A548FCF-53D2-428A-902A-EE96A83F6047}.Release|Any CPU.Build.0 = Release|Any CPU
	EndGlobalSection
	GlobalSection(SolutionProperties) = preSolution
		HideSolutionNode = FALSE
	EndGlobalSection
	GlobalSection(ExtensibilityGlobals) = postSolution
		SolutionGuid = {4A799B39-274A-4AAB-897C-5119926107E8}
	EndGlobalSection
EndGlobal
